
Microsoft Visual Studio Solution File, Format Version 12.00
# Visual Studio Version 17
VisualStudioVersion = 17.11.35312.102
MinimumVisualStudioVersion = 10.0.40219.1
Project("{9A19103F-16F7-4668-BE54-9A1E7A4F7556}") = "U1", "U1\U1.csproj", "{B25E3771-DEF0-43DE-82A3-5473112F7315}"
EndProject
Project("{9A19103F-16F7-4668-BE54-9A1E7A4F7556}") = "U2", "U2\U2.csproj", "{A5BE4FE5-5004-4B72-9E7D-42863FC7C003}"
EndProject
Project("{9A19103F-16F7-4668-BE54-9A1E7A4F7556}") = "U3", "U3\U3.csproj", "{BCAFB24F-18A0-4499-95B5-ADD6F0D83A5B}"
EndProject
Project("{9A19103F-16F7-4668-BE54-9A1E7A4F7556}") = "U4", "U4\U4.csproj", "{8067CF47-A615-4CB1-9EB8-6F1A4D7E65E4}"
EndProject
Project("{9A19103F-16F7-4668-BE54-9A1E7A4F7556}") = "U4_2", "U4_2\U4_2.csproj", "{38A261D4-EBD0-43B5-90FA-0FD2EC64BA63}"
EndProject
Project("{9A19103F-16F7-4668-BE54-9A1E7A4F7556}") = "U6", "U6\U6.csproj", "{386410AC-1A99-4DB0-8CA8-91C0F4D18806}"
EndProject
Project("{9A19103F-16F7-4668-BE54-9A1E7A4F7556}") = "DecoratorPatternUebung", "CustomUebung\DecoratorPatternUebung.csproj", "{B79C1F7E-3B44-4C4E-914C-3904ED460BB8}"
EndProject
Project("{9A19103F-16F7-4668-BE54-9A1E7A4F7556}") = "StrategyPatternUebung", "StrategyPatternUebung\StrategyPatternUebung.csproj", "{C9967D4D-A250-482D-B148-D0E360DE8071}"
EndProject
Project("{FAE04EC0-301F-11D3-BF4B-00C04F79EFBC}") = "VisitorPatternUebung", "VisitorPatternUebung\VisitorPatternUebung.csproj", "{C2EA1E8E-7F08-46A2-BF5E-77AD83968093}"
EndProject
Project("{FAE04EC0-301F-11D3-BF4B-00C04F79EFBC}") = "U7", "U7\U7.csproj", "{E696182A-3AB4-4CAC-982E-2297CBA7A410}"
EndProject
Global
	GlobalSection(SolutionConfigurationPlatforms) = preSolution
		Debug|Any CPU = Debug|Any CPU
		Release|Any CPU = Release|Any CPU
	EndGlobalSection
	GlobalSection(ProjectConfigurationPlatforms) = postSolution
		{B25E3771-DEF0-43DE-82A3-5473112F7315}.Debug|Any CPU.ActiveCfg = Debug|Any CPU
		{B25E3771-DEF0-43DE-82A3-5473112F7315}.Debug|Any CPU.Build.0 = Debug|Any CPU
		{B25E3771-DEF0-43DE-82A3-5473112F7315}.Release|Any CPU.ActiveCfg = Release|Any CPU
		{B25E3771-DEF0-43DE-82A3-5473112F7315}.Release|Any CPU.Build.0 = Release|Any CPU
		{A5BE4FE5-5004-4B72-9E7D-42863FC7C003}.Debug|Any CPU.ActiveCfg = Debug|Any CPU
		{A5BE4FE5-5004-4B72-9E7D-42863FC7C003}.Debug|Any CPU.Build.0 = Debug|Any CPU
		{A5BE4FE5-5004-4B72-9E7D-42863FC7C003}.Release|Any CPU.ActiveCfg = Release|Any CPU
		{A5BE4FE5-5004-4B72-9E7D-42863FC7C003}.Release|Any CPU.Build.0 = Release|Any CPU
		{BCAFB24F-18A0-4499-95B5-ADD6F0D83A5B}.Debug|Any CPU.ActiveCfg = Debug|Any CPU
		{BCAFB24F-18A0-4499-95B5-ADD6F0D83A5B}.Debug|Any CPU.Build.0 = Debug|Any CPU
		{BCAFB24F-18A0-4499-95B5-ADD6F0D83A5B}.Release|Any CPU.ActiveCfg = Release|Any CPU
		{BCAFB24F-18A0-4499-95B5-ADD6F0D83A5B}.Release|Any CPU.Build.0 = Release|Any CPU
		{8067CF47-A615-4CB1-9EB8-6F1A4D7E65E4}.Debug|Any CPU.ActiveCfg = Debug|Any CPU
		{8067CF47-A615-4CB1-9EB8-6F1A4D7E65E4}.Debug|Any CPU.Build.0 = Debug|Any CPU
		{8067CF47-A615-4CB1-9EB8-6F1A4D7E65E4}.Release|Any CPU.ActiveCfg = Release|Any CPU
		{8067CF47-A615-4CB1-9EB8-6F1A4D7E65E4}.Release|Any CPU.Build.0 = Release|Any CPU
		{38A261D4-EBD0-43B5-90FA-0FD2EC64BA63}.Debug|Any CPU.ActiveCfg = Debug|Any CPU
		{38A261D4-EBD0-43B5-90FA-0FD2EC64BA63}.Debug|Any CPU.Build.0 = Debug|Any CPU
		{38A261D4-EBD0-43B5-90FA-0FD2EC64BA63}.Release|Any CPU.ActiveCfg = Release|Any CPU
		{38A261D4-EBD0-43B5-90FA-0FD2EC64BA63}.Release|Any CPU.Build.0 = Release|Any CPU
		{386410AC-1A99-4DB0-8CA8-91C0F4D18806}.Debug|Any CPU.ActiveCfg = Debug|Any CPU
		{386410AC-1A99-4DB0-8CA8-91C0F4D18806}.Debug|Any CPU.Build.0 = Debug|Any CPU
		{386410AC-1A99-4DB0-8CA8-91C0F4D18806}.Release|Any CPU.ActiveCfg = Release|Any CPU
		{386410AC-1A99-4DB0-8CA8-91C0F4D18806}.Release|Any CPU.Build.0 = Release|Any CPU
		{B79C1F7E-3B44-4C4E-914C-3904ED460BB8}.Debug|Any CPU.ActiveCfg = Debug|Any CPU
		{B79C1F7E-3B44-4C4E-914C-3904ED460BB8}.Debug|Any CPU.Build.0 = Debug|Any CPU
		{B79C1F7E-3B44-4C4E-914C-3904ED460BB8}.Release|Any CPU.ActiveCfg = Release|Any CPU
		{B79C1F7E-3B44-4C4E-914C-3904ED460BB8}.Release|Any CPU.Build.0 = Release|Any CPU
		{C9967D4D-A250-482D-B148-D0E360DE8071}.Debug|Any CPU.ActiveCfg = Debug|Any CPU
		{C9967D4D-A250-482D-B148-D0E360DE8071}.Debug|Any CPU.Build.0 = Debug|Any CPU
		{C9967D4D-A250-482D-B148-D0E360DE8071}.Release|Any CPU.ActiveCfg = Release|Any CPU
		{C9967D4D-A250-482D-B148-D0E360DE8071}.Release|Any CPU.Build.0 = Release|Any CPU
		{C2EA1E8E-7F08-46A2-BF5E-77AD83968093}.Debug|Any CPU.ActiveCfg = Debug|Any CPU
		{C2EA1E8E-7F08-46A2-BF5E-77AD83968093}.Debug|Any CPU.Build.0 = Debug|Any CPU
		{C2EA1E8E-7F08-46A2-BF5E-77AD83968093}.Release|Any CPU.ActiveCfg = Release|Any CPU
		{C2EA1E8E-7F08-46A2-BF5E-77AD83968093}.Release|Any CPU.Build.0 = Release|Any CPU
		{E696182A-3AB4-4CAC-982E-2297CBA7A410}.Debug|Any CPU.ActiveCfg = Debug|Any CPU
		{E696182A-3AB4-4CAC-982E-2297CBA7A410}.Debug|Any CPU.Build.0 = Debug|Any CPU
		{E696182A-3AB4-4CAC-982E-2297CBA7A410}.Release|Any CPU.ActiveCfg = Release|Any CPU
		{E696182A-3AB4-4CAC-982E-2297CBA7A410}.Release|Any CPU.Build.0 = Release|Any CPU
	EndGlobalSection
	GlobalSection(SolutionProperties) = preSolution
		HideSolutionNode = FALSE
	EndGlobalSection
	GlobalSection(ExtensibilityGlobals) = postSolution
		SolutionGuid = {11307B09-04F5-4179-9108-6A8BB3F973C8}
	EndGlobalSection
EndGlobal
